
Microsoft Visual Studio Solution File, Format Version 12.00
# Visual Studio Version 16
VisualStudioVersion = 16.0.31005.135
MinimumVisualStudioVersion = 10.0.40219.1
Project("{FAE04EC0-301F-11D3-BF4B-00C04F79EFBC}") = "SegundaOportunidad.Domain", "SegundaOportunidad.Domain\SegundaOportunidad.Domain.csproj", "{45B606A6-7C3E-4382-8DAA-04B5E5B21962}"
EndProject
Project("{FAE04EC0-301F-11D3-BF4B-00C04F79EFBC}") = "SegundaOportunidad.Repository", "SegundaOportunidad.Repository\SegundaOportunidad.Repository.csproj", "{4C1D9D9F-5BC0-4236-AEA2-CF2C79B08016}"
EndProject
Project("{FAE04EC0-301F-11D3-BF4B-00C04F79EFBC}") = "SegundaOportunidad.Services", "SegundaOportunidad.Services\SegundaOportunidad.Services.csproj", "{F502BC09-1501-489C-93E0-B2354BFB7E22}"
EndProject
Project("{FAE04EC0-301F-11D3-BF4B-00C04F79EFBC}") = "SegundaOportunidad.WebUi", "SegundaOportunidad.WebUi\SegundaOportunidad.WebUi.csproj", "{C57EE091-2BF7-438C-8872-AE5A2D7FB839}"
EndProject
Global
	GlobalSection(SolutionConfigurationPlatforms) = preSolution
		Debug|Any CPU = Debug|Any CPU
		Release|Any CPU = Release|Any CPU
	EndGlobalSection
	GlobalSection(ProjectConfigurationPlatforms) = postSolution
		{45B606A6-7C3E-4382-8DAA-04B5E5B21962}.Debug|Any CPU.ActiveCfg = Debug|Any CPU
		{45B606A6-7C3E-4382-8DAA-04B5E5B21962}.Debug|Any CPU.Build.0 = Debug|Any CPU
		{45B606A6-7C3E-4382-8DAA-04B5E5B21962}.Release|Any CPU.ActiveCfg = Release|Any CPU
		{45B606A6-7C3E-4382-8DAA-04B5E5B21962}.Release|Any CPU.Build.0 = Release|Any CPU
		{4C1D9D9F-5BC0-4236-AEA2-CF2C79B08016}.Debug|Any CPU.ActiveCfg = Debug|Any CPU
		{4C1D9D9F-5BC0-4236-AEA2-CF2C79B08016}.Debug|Any CPU.Build.0 = Debug|Any CPU
		{4C1D9D9F-5BC0-4236-AEA2-CF2C79B08016}.Release|Any CPU.ActiveCfg = Release|Any CPU
		{4C1D9D9F-5BC0-4236-AEA2-CF2C79B08016}.Release|Any CPU.Build.0 = Release|Any CPU
		{F502BC09-1501-489C-93E0-B2354BFB7E22}.Debug|Any CPU.ActiveCfg = Debug|Any CPU
		{F502BC09-1501-489C-93E0-B2354BFB7E22}.Debug|Any CPU.Build.0 = Debug|Any CPU
		{F502BC09-1501-489C-93E0-B2354BFB7E22}.Release|Any CPU.ActiveCfg = Release|Any CPU
		{F502BC09-1501-489C-93E0-B2354BFB7E22}.Release|Any CPU.Build.0 = Release|Any CPU
		{C57EE091-2BF7-438C-8872-AE5A2D7FB839}.Debug|Any CPU.ActiveCfg = Debug|Any CPU
		{C57EE091-2BF7-438C-8872-AE5A2D7FB839}.Debug|Any CPU.Build.0 = Debug|Any CPU
		{C57EE091-2BF7-438C-8872-AE5A2D7FB839}.Release|Any CPU.ActiveCfg = Release|Any CPU
		{C57EE091-2BF7-438C-8872-AE5A2D7FB839}.Release|Any CPU.Build.0 = Release|Any CPU
	EndGlobalSection
	GlobalSection(SolutionProperties) = preSolution
		HideSolutionNode = FALSE
	EndGlobalSection
	GlobalSection(ExtensibilityGlobals) = postSolution
		SolutionGuid = {6BB9189B-C2AA-4E5B-8AF7-8320A667A853}
	EndGlobalSection
EndGlobal
